
Microsoft Visual Studio Solution File, Format Version 12.00
# Visual Studio Version 17
VisualStudioVersion = 17.10.34916.146
MinimumVisualStudioVersion = 10.0.40219.1
Project("{2150E333-8FDC-42A3-9474-1A3956D46DE8}") = "backend", "backend", "{F332D047-B9A7-4B85-8359-9328589BED29}"
EndProject
Project("{2150E333-8FDC-42A3-9474-1A3956D46DE8}") = "test", "test", "{999D48DF-22BC-40B8-A8C4-A9B5760B77AC}"
EndProject
Project("{2150E333-8FDC-42A3-9474-1A3956D46DE8}") = "frontend", "frontend", "{C51C41D1-42C6-4690-9847-B372BAD06101}"
EndProject
Project("{9A19103F-16F7-4668-BE54-9A1E7A4F7556}") = "Klir.TechChallenge.Web.Front", "angular\Klir.TechChallenge.Web.Front.csproj", "{7C53E485-14DD-4017-A992-193A405530AB}"
EndProject
Project("{2150E333-8FDC-42A3-9474-1A3956D46DE8}") = "unit", "unit", "{A2B92FAD-919A-44D2-95FF-FAD427C348B4}"
EndProject
Project("{2150E333-8FDC-42A3-9474-1A3956D46DE8}") = "integration", "integration", "{DA44832D-5070-4746-89A1-8A0DA71FF3A1}"
EndProject
Project("{2150E333-8FDC-42A3-9474-1A3956D46DE8}") = "1 - Presentation", "1 - Presentation", "{1A0AC12E-D080-4C23-96A3-0FBF7187A926}"
EndProject
Project("{2150E333-8FDC-42A3-9474-1A3956D46DE8}") = "2 - Application", "2 - Application", "{D75A7810-5B36-4D5A-B9C8-7C155B8FD84A}"
EndProject
Project("{2150E333-8FDC-42A3-9474-1A3956D46DE8}") = "3 - Domain", "3 - Domain", "{17F42196-5C5B-4105-AB12-D32613AF0259}"
EndProject
Project("{2150E333-8FDC-42A3-9474-1A3956D46DE8}") = "4 - Infrastructure", "4 - Infrastructure", "{B4F3E46F-C396-4070-994C-4E460D372533}"
EndProject
Project("{2150E333-8FDC-42A3-9474-1A3956D46DE8}") = "Building Blocks", "Building Blocks", "{FFAD57AF-CBFB-420B-A951-B5B1557E2B89}"
EndProject
Project("{FAE04EC0-301F-11D3-BF4B-00C04F79EFBC}") = "Klir.TechChallenge.Web.Api", "aspnet-core\Klir.TechChallenge.Web.Api\Klir.TechChallenge.Web.Api.csproj", "{06A0959B-A1D1-4C5C-930A-0F500E9395F5}"
EndProject
Project("{FAE04EC0-301F-11D3-BF4B-00C04F79EFBC}") = "Klir.TechChallenge.Tests", "aspnet-core\Klir.TechChallenge.Tests\Klir.TechChallenge.Tests.csproj", "{AB640103-D202-4E33-B7DC-77B2BEF2FC60}"
EndProject
Global
	GlobalSection(SolutionConfigurationPlatforms) = preSolution
		Debug|Any CPU = Debug|Any CPU
		Release|Any CPU = Release|Any CPU
	EndGlobalSection
	GlobalSection(ProjectConfigurationPlatforms) = postSolution
		{7C53E485-14DD-4017-A992-193A405530AB}.Debug|Any CPU.ActiveCfg = Debug|Any CPU
		{7C53E485-14DD-4017-A992-193A405530AB}.Release|Any CPU.ActiveCfg = Release|Any CPU
		{7C53E485-14DD-4017-A992-193A405530AB}.Release|Any CPU.Build.0 = Release|Any CPU
		{06A0959B-A1D1-4C5C-930A-0F500E9395F5}.Debug|Any CPU.ActiveCfg = Debug|Any CPU
		{06A0959B-A1D1-4C5C-930A-0F500E9395F5}.Debug|Any CPU.Build.0 = Debug|Any CPU
		{06A0959B-A1D1-4C5C-930A-0F500E9395F5}.Release|Any CPU.ActiveCfg = Release|Any CPU
		{06A0959B-A1D1-4C5C-930A-0F500E9395F5}.Release|Any CPU.Build.0 = Release|Any CPU
		{AB640103-D202-4E33-B7DC-77B2BEF2FC60}.Debug|Any CPU.ActiveCfg = Debug|Any CPU
		{AB640103-D202-4E33-B7DC-77B2BEF2FC60}.Debug|Any CPU.Build.0 = Debug|Any CPU
		{AB640103-D202-4E33-B7DC-77B2BEF2FC60}.Release|Any CPU.ActiveCfg = Release|Any CPU
		{AB640103-D202-4E33-B7DC-77B2BEF2FC60}.Release|Any CPU.Build.0 = Release|Any CPU
	EndGlobalSection
	GlobalSection(SolutionProperties) = preSolution
		HideSolutionNode = FALSE
	EndGlobalSection
	GlobalSection(NestedProjects) = preSolution
		{7C53E485-14DD-4017-A992-193A405530AB} = {C51C41D1-42C6-4690-9847-B372BAD06101}
		{A2B92FAD-919A-44D2-95FF-FAD427C348B4} = {999D48DF-22BC-40B8-A8C4-A9B5760B77AC}
		{DA44832D-5070-4746-89A1-8A0DA71FF3A1} = {999D48DF-22BC-40B8-A8C4-A9B5760B77AC}
		{1A0AC12E-D080-4C23-96A3-0FBF7187A926} = {F332D047-B9A7-4B85-8359-9328589BED29}
		{D75A7810-5B36-4D5A-B9C8-7C155B8FD84A} = {F332D047-B9A7-4B85-8359-9328589BED29}
		{17F42196-5C5B-4105-AB12-D32613AF0259} = {F332D047-B9A7-4B85-8359-9328589BED29}
		{B4F3E46F-C396-4070-994C-4E460D372533} = {F332D047-B9A7-4B85-8359-9328589BED29}
		{FFAD57AF-CBFB-420B-A951-B5B1557E2B89} = {F332D047-B9A7-4B85-8359-9328589BED29}
		{06A0959B-A1D1-4C5C-930A-0F500E9395F5} = {1A0AC12E-D080-4C23-96A3-0FBF7187A926}
		{AB640103-D202-4E33-B7DC-77B2BEF2FC60} = {A2B92FAD-919A-44D2-95FF-FAD427C348B4}
	EndGlobalSection
	GlobalSection(ExtensibilityGlobals) = postSolution
		SolutionGuid = {B22C9792-C11E-4F83-91D8-5ACFDDC0FC5E}
	EndGlobalSection
EndGlobal
